
Microsoft Visual Studio Solution File, Format Version 12.00
Project("{FAE04EC0-301F-11D3-BF4B-00C04F79EFBC}") = "Vasi", "Vasi\Vasi.csproj", "{BD025D2C-4658-4E34-981E-E81A3B0FFD5E}"
EndProject
Global
	GlobalSection(SolutionConfigurationPlatforms) = preSolution
		Debug|Any CPU = Debug|Any CPU
		Release|Any CPU = Release|Any CPU
	EndGlobalSection
	GlobalSection(ProjectConfigurationPlatforms) = postSolution
		{BD025D2C-4658-4E34-981E-E81A3B0FFD5E}.Debug|Any CPU.ActiveCfg = Debug|Any CPU
		{BD025D2C-4658-4E34-981E-E81A3B0FFD5E}.Debug|Any CPU.Build.0 = Debug|Any CPU
		{BD025D2C-4658-4E34-981E-E81A3B0FFD5E}.Release|Any CPU.ActiveCfg = Release|Any CPU
		{BD025D2C-4658-4E34-981E-E81A3B0FFD5E}.Release|Any CPU.Build.0 = Release|Any CPU
	EndGlobalSection
EndGlobal
